# This file is automatically @generated by Cargo.
# It is not intended for manual editing.
version = 3

[[package]]
name = "cell_core"
version = "1.0.0"

[[package]]
name = "cell_core_helper"
version = "1.0.0"

[[package]]
name = "cell_modules_vulkan"
version = "1.0.0"
dependencies = [
 "cell_core",
]

[[package]]
name = "cell_title"
version = "1.0.0"
dependencies = [
 "cell_core",
 "cell_core_helper",
 "cell_modules_vulkan",
]
